
Microsoft Visual Studio Solution File, Format Version 12.00
# Visual Studio Version 17
VisualStudioVersion = 17.14.36811.4
MinimumVisualStudioVersion = 10.0.40219.1
Project("{FAE04EC0-301F-11D3-BF4B-00C04F79EFBC}") = "ADHDChecklist.API", "src\Backend\ADHDChecklist.API\ADHDChecklist.API.csproj", "{6E8382B1-C014-4E35-ABB1-AE3854A8A691}"
EndProject
Project("{FAE04EC0-301F-11D3-BF4B-00C04F79EFBC}") = "ADHDChecklist.Contracts", "src\Backend\ADHDChecklist.Contracts\ADHDChecklist.Contracts.csproj", "{55764B04-0DB1-44A3-93CC-7212A8A0DFFF}"
EndProject
Project("{FAE04EC0-301F-11D3-BF4B-00C04F79EFBC}") = "ADHDChecklist.Client", "src\Frontend\ADHDChecklist.Client\ADHDChecklist.Client.csproj", "{49BF09A1-9FD8-4AAB-9F14-33616745A365}"
EndProject
Global
	GlobalSection(SolutionConfigurationPlatforms) = preSolution
		Debug|Any CPU = Debug|Any CPU
		Release|Any CPU = Release|Any CPU
	EndGlobalSection
	GlobalSection(ProjectConfigurationPlatforms) = postSolution
		{6E8382B1-C014-4E35-ABB1-AE3854A8A691}.Debug|Any CPU.ActiveCfg = Debug|Any CPU
		{6E8382B1-C014-4E35-ABB1-AE3854A8A691}.Debug|Any CPU.Build.0 = Debug|Any CPU
		{6E8382B1-C014-4E35-ABB1-AE3854A8A691}.Release|Any CPU.ActiveCfg = Release|Any CPU
		{6E8382B1-C014-4E35-ABB1-AE3854A8A691}.Release|Any CPU.Build.0 = Release|Any CPU
		{55764B04-0DB1-44A3-93CC-7212A8A0DFFF}.Debug|Any CPU.ActiveCfg = Debug|Any CPU
		{55764B04-0DB1-44A3-93CC-7212A8A0DFFF}.Debug|Any CPU.Build.0 = Debug|Any CPU
		{55764B04-0DB1-44A3-93CC-7212A8A0DFFF}.Release|Any CPU.ActiveCfg = Release|Any CPU
		{55764B04-0DB1-44A3-93CC-7212A8A0DFFF}.Release|Any CPU.Build.0 = Release|Any CPU
		{49BF09A1-9FD8-4AAB-9F14-33616745A365}.Debug|Any CPU.ActiveCfg = Debug|Any CPU
		{49BF09A1-9FD8-4AAB-9F14-33616745A365}.Debug|Any CPU.Build.0 = Debug|Any CPU
		{49BF09A1-9FD8-4AAB-9F14-33616745A365}.Release|Any CPU.ActiveCfg = Release|Any CPU
		{49BF09A1-9FD8-4AAB-9F14-33616745A365}.Release|Any CPU.Build.0 = Release|Any CPU
	EndGlobalSection
	GlobalSection(SolutionProperties) = preSolution
		HideSolutionNode = FALSE
	EndGlobalSection
	GlobalSection(ExtensibilityGlobals) = postSolution
		SolutionGuid = {E2C24126-E89E-4C58-861F-1A1D702AD718}
	EndGlobalSection
EndGlobal
